
Microsoft Visual Studio Solution File, Format Version 12.00
# Visual Studio Version 16
VisualStudioVersion = 16.0.29613.14
MinimumVisualStudioVersion = 10.0.40219.1
Project("{FAE04EC0-301F-11D3-BF4B-00C04F79EFBC}") = "Application", "Application.csproj", "{B386AB39-40BA-440B-990D-99D18503BCB8}"
EndProject
Global
	GlobalSection(SolutionConfigurationPlatforms) = preSolution
		Debug|Any CPU = Debug|Any CPU
		Release|Any CPU = Release|Any CPU
	EndGlobalSection
	GlobalSection(ProjectConfigurationPlatforms) = postSolution
		{B386AB39-40BA-440B-990D-99D18503BCB8}.Debug|Any CPU.ActiveCfg = Debug|Any CPU
		{B386AB39-40BA-440B-990D-99D18503BCB8}.Debug|Any CPU.Build.0 = Debug|Any CPU
		{B386AB39-40BA-440B-990D-99D18503BCB8}.Release|Any CPU.ActiveCfg = Release|Any CPU
		{B386AB39-40BA-440B-990D-99D18503BCB8}.Release|Any CPU.Build.0 = Release|Any CPU
	EndGlobalSection
	GlobalSection(SolutionProperties) = preSolution
		HideSolutionNode = FALSE
	EndGlobalSection
	GlobalSection(ExtensibilityGlobals) = postSolution
		SolutionGuid = {72929BEA-0C8A-464F-B68D-36C63F2DD1AD}
	EndGlobalSection
EndGlobal
